
Microsoft Visual Studio Solution File, Format Version 12.00
# Visual Studio Version 16
VisualStudioVersion = 16.0.30907.101
MinimumVisualStudioVersion = 10.0.40219.1
Project("{FAE04EC0-301F-11D3-BF4B-00C04F79EFBC}") = "lab_task_3.3", "lab_task_3.3\lab_task_3.3.csproj", "{AD8AB446-13C7-4EE5-9817-443BFCAAA223}"
EndProject
Global
	GlobalSection(SolutionConfigurationPlatforms) = preSolution
		Debug|Any CPU = Debug|Any CPU
		Release|Any CPU = Release|Any CPU
	EndGlobalSection
	GlobalSection(ProjectConfigurationPlatforms) = postSolution
		{AD8AB446-13C7-4EE5-9817-443BFCAAA223}.Debug|Any CPU.ActiveCfg = Debug|Any CPU
		{AD8AB446-13C7-4EE5-9817-443BFCAAA223}.Debug|Any CPU.Build.0 = Debug|Any CPU
		{AD8AB446-13C7-4EE5-9817-443BFCAAA223}.Release|Any CPU.ActiveCfg = Release|Any CPU
		{AD8AB446-13C7-4EE5-9817-443BFCAAA223}.Release|Any CPU.Build.0 = Release|Any CPU
	EndGlobalSection
	GlobalSection(SolutionProperties) = preSolution
		HideSolutionNode = FALSE
	EndGlobalSection
	GlobalSection(ExtensibilityGlobals) = postSolution
		SolutionGuid = {F3A271E3-CB11-4361-888A-99353949520D}
	EndGlobalSection
EndGlobal
