
Microsoft Visual Studio Solution File, Format Version 12.00
# Visual Studio Version 16
VisualStudioVersion = 16.0.30907.101
MinimumVisualStudioVersion = 10.0.40219.1
Project("{FAE04EC0-301F-11D3-BF4B-00C04F79EFBC}") = "Name_print", "Name_print\Name_print.csproj", "{C534F5FE-A75F-4603-8614-A8D0EFFFA1E4}"
EndProject
Global
	GlobalSection(SolutionConfigurationPlatforms) = preSolution
		Debug|Any CPU = Debug|Any CPU
		Release|Any CPU = Release|Any CPU
	EndGlobalSection
	GlobalSection(ProjectConfigurationPlatforms) = postSolution
		{C534F5FE-A75F-4603-8614-A8D0EFFFA1E4}.Debug|Any CPU.ActiveCfg = Debug|Any CPU
		{C534F5FE-A75F-4603-8614-A8D0EFFFA1E4}.Debug|Any CPU.Build.0 = Debug|Any CPU
		{C534F5FE-A75F-4603-8614-A8D0EFFFA1E4}.Release|Any CPU.ActiveCfg = Release|Any CPU
		{C534F5FE-A75F-4603-8614-A8D0EFFFA1E4}.Release|Any CPU.Build.0 = Release|Any CPU
	EndGlobalSection
	GlobalSection(SolutionProperties) = preSolution
		HideSolutionNode = FALSE
	EndGlobalSection
	GlobalSection(ExtensibilityGlobals) = postSolution
		SolutionGuid = {80C05254-E09B-46A1-AE59-FB2F3D6124BA}
	EndGlobalSection
EndGlobal
