
Microsoft Visual Studio Solution File, Format Version 12.00
# Visual Studio Version 16
VisualStudioVersion = 16.0.30907.101
MinimumVisualStudioVersion = 10.0.40219.1
Project("{FAE04EC0-301F-11D3-BF4B-00C04F79EFBC}") = "array 1", "array 1\array 1.csproj", "{BA026C7E-EE37-4C83-9B75-D50365F38663}"
EndProject
Global
	GlobalSection(SolutionConfigurationPlatforms) = preSolution
		Debug|Any CPU = Debug|Any CPU
		Release|Any CPU = Release|Any CPU
	EndGlobalSection
	GlobalSection(ProjectConfigurationPlatforms) = postSolution
		{BA026C7E-EE37-4C83-9B75-D50365F38663}.Debug|Any CPU.ActiveCfg = Debug|Any CPU
		{BA026C7E-EE37-4C83-9B75-D50365F38663}.Debug|Any CPU.Build.0 = Debug|Any CPU
		{BA026C7E-EE37-4C83-9B75-D50365F38663}.Release|Any CPU.ActiveCfg = Release|Any CPU
		{BA026C7E-EE37-4C83-9B75-D50365F38663}.Release|Any CPU.Build.0 = Release|Any CPU
	EndGlobalSection
	GlobalSection(SolutionProperties) = preSolution
		HideSolutionNode = FALSE
	EndGlobalSection
	GlobalSection(ExtensibilityGlobals) = postSolution
		SolutionGuid = {528AF902-3973-492A-A380-95327D05EE63}
	EndGlobalSection
EndGlobal
