
Microsoft Visual Studio Solution File, Format Version 12.00
# Visual Studio Version 16
VisualStudioVersion = 16.0.30907.101
MinimumVisualStudioVersion = 10.0.40219.1
Project("{FAE04EC0-301F-11D3-BF4B-00C04F79EFBC}") = "lab_task_3.2", "lab_task_3.2\lab_task_3.2.csproj", "{17CCC436-5A45-43EB-85D9-86FA9D28544B}"
EndProject
Global
	GlobalSection(SolutionConfigurationPlatforms) = preSolution
		Debug|Any CPU = Debug|Any CPU
		Release|Any CPU = Release|Any CPU
	EndGlobalSection
	GlobalSection(ProjectConfigurationPlatforms) = postSolution
		{17CCC436-5A45-43EB-85D9-86FA9D28544B}.Debug|Any CPU.ActiveCfg = Debug|Any CPU
		{17CCC436-5A45-43EB-85D9-86FA9D28544B}.Debug|Any CPU.Build.0 = Debug|Any CPU
		{17CCC436-5A45-43EB-85D9-86FA9D28544B}.Release|Any CPU.ActiveCfg = Release|Any CPU
		{17CCC436-5A45-43EB-85D9-86FA9D28544B}.Release|Any CPU.Build.0 = Release|Any CPU
	EndGlobalSection
	GlobalSection(SolutionProperties) = preSolution
		HideSolutionNode = FALSE
	EndGlobalSection
	GlobalSection(ExtensibilityGlobals) = postSolution
		SolutionGuid = {C25715F9-98E5-458C-B15C-0247C48662D8}
	EndGlobalSection
EndGlobal
