
Microsoft Visual Studio Solution File, Format Version 12.00
# Visual Studio Version 16
VisualStudioVersion = 16.0.30907.101
MinimumVisualStudioVersion = 10.0.40219.1
Project("{FAE04EC0-301F-11D3-BF4B-00C04F79EFBC}") = "first_project", "first_project\first_project.csproj", "{58354F60-70B8-4B68-B631-64CA061DB110}"
EndProject
Global
	GlobalSection(SolutionConfigurationPlatforms) = preSolution
		Debug|Any CPU = Debug|Any CPU
		Release|Any CPU = Release|Any CPU
	EndGlobalSection
	GlobalSection(ProjectConfigurationPlatforms) = postSolution
		{58354F60-70B8-4B68-B631-64CA061DB110}.Debug|Any CPU.ActiveCfg = Debug|Any CPU
		{58354F60-70B8-4B68-B631-64CA061DB110}.Debug|Any CPU.Build.0 = Debug|Any CPU
		{58354F60-70B8-4B68-B631-64CA061DB110}.Release|Any CPU.ActiveCfg = Release|Any CPU
		{58354F60-70B8-4B68-B631-64CA061DB110}.Release|Any CPU.Build.0 = Release|Any CPU
	EndGlobalSection
	GlobalSection(SolutionProperties) = preSolution
		HideSolutionNode = FALSE
	EndGlobalSection
	GlobalSection(ExtensibilityGlobals) = postSolution
		SolutionGuid = {F6C6D36F-DB6F-4C5E-86D5-2AD2585D0112}
	EndGlobalSection
EndGlobal
