
Microsoft Visual Studio Solution File, Format Version 12.00
# Visual Studio Version 16
VisualStudioVersion = 16.0.30907.101
MinimumVisualStudioVersion = 10.0.40219.1
Project("{FAE04EC0-301F-11D3-BF4B-00C04F79EFBC}") = "Static_Pass_by_value", "Static_Pass_by_value\Static_Pass_by_value.csproj", "{AD11C5FE-578F-4811-B1F0-6E486DBD774F}"
EndProject
Global
	GlobalSection(SolutionConfigurationPlatforms) = preSolution
		Debug|Any CPU = Debug|Any CPU
		Release|Any CPU = Release|Any CPU
	EndGlobalSection
	GlobalSection(ProjectConfigurationPlatforms) = postSolution
		{AD11C5FE-578F-4811-B1F0-6E486DBD774F}.Debug|Any CPU.ActiveCfg = Debug|Any CPU
		{AD11C5FE-578F-4811-B1F0-6E486DBD774F}.Debug|Any CPU.Build.0 = Debug|Any CPU
		{AD11C5FE-578F-4811-B1F0-6E486DBD774F}.Release|Any CPU.ActiveCfg = Release|Any CPU
		{AD11C5FE-578F-4811-B1F0-6E486DBD774F}.Release|Any CPU.Build.0 = Release|Any CPU
	EndGlobalSection
	GlobalSection(SolutionProperties) = preSolution
		HideSolutionNode = FALSE
	EndGlobalSection
	GlobalSection(ExtensibilityGlobals) = postSolution
		SolutionGuid = {61B97437-611E-499A-B467-5B8BCD09DBCB}
	EndGlobalSection
EndGlobal
